// !$*UTF8*$!
{
	archiveVersion = 1;
	classes = {
	};
	objectVersion = 52;
	objects = {

/* Begin PBXBuildFile section */
		3F6C3B7D240DD26D005F150A /* LoginViewController.swift in Sources */ = {isa = PBXBuildFile; fileRef = 3F6C3B7C240DD26D005F150A /* LoginViewController.swift */; };
		3F6C3B80240F0F39005F150A /* SwiftCloudant in Frameworks */ = {isa = PBXBuildFile; productRef = 3F6C3B7F240F0F39005F150A /* SwiftCloudant */; };
		3F6C3B82240F0F8E005F150A /* ConfigurationViewController.swift in Sources */ = {isa = PBXBuildFile; fileRef = 3F6C3B81240F0F8E005F150A /* ConfigurationViewController.swift */; };
		3F6C3B84240F1E75005F150A /* NewUserViewController.swift in Sources */ = {isa = PBXBuildFile; fileRef = 3F6C3B83240F1E75005F150A /* NewUserViewController.swift */; };
		3F6C3B8624105BE2005F150A /* CloudantClient.swift in Sources */ = {isa = PBXBuildFile; fileRef = 3F6C3B8524105BE2005F150A /* CloudantClient.swift */; };
		3FC55C0B240DC2B300542EC7 /* AppDelegate.swift in Sources */ = {isa = PBXBuildFile; fileRef = 3FC55C0A240DC2B300542EC7 /* AppDelegate.swift */; };
		3FC55C0D240DC2B300542EC7 /* SceneDelegate.swift in Sources */ = {isa = PBXBuildFile; fileRef = 3FC55C0C240DC2B300542EC7 /* SceneDelegate.swift */; };
		3FC55C0F240DC2B300542EC7 /* ViewController.swift in Sources */ = {isa = PBXBuildFile; fileRef = 3FC55C0E240DC2B300542EC7 /* ViewController.swift */; };
		3FC55C12240DC2B300542EC7 /* Main.storyboard in Resources */ = {isa = PBXBuildFile; fileRef = 3FC55C10240DC2B300542EC7 /* Main.storyboard */; };
		3FC55C14240DC2B500542EC7 /* Assets.xcassets in Resources */ = {isa = PBXBuildFile; fileRef = 3FC55C13240DC2B500542EC7 /* Assets.xcassets */; };
		3FC55C17240DC2B500542EC7 /* LaunchScreen.storyboard in Resources */ = {isa = PBXBuildFile; fileRef = 3FC55C15240DC2B500542EC7 /* LaunchScreen.storyboard */; };
/* End PBXBuildFile section */

/* Begin PBXFileReference section */
		3F6C3B7C240DD26D005F150A /* LoginViewController.swift */ = {isa = PBXFileReference; lastKnownFileType = sourcecode.swift; path = LoginViewController.swift; sourceTree = "<group>"; };
		3F6C3B81240F0F8E005F150A /* ConfigurationViewController.swift */ = {isa = PBXFileReference; lastKnownFileType = sourcecode.swift; path = ConfigurationViewController.swift; sourceTree = "<group>"; };
		3F6C3B83240F1E75005F150A /* NewUserViewController.swift */ = {isa = PBXFileReference; lastKnownFileType = sourcecode.swift; path = NewUserViewController.swift; sourceTree = "<group>"; };
		3F6C3B8524105BE2005F150A /* CloudantClient.swift */ = {isa = PBXFileReference; lastKnownFileType = sourcecode.swift; path = CloudantClient.swift; sourceTree = "<group>"; };
		3FC55C07240DC2B300542EC7 /* HelpingHand.app */ = {isa = PBXFileReference; explicitFileType = wrapper.application; includeInIndex = 0; path = HelpingHand.app; sourceTree = BUILT_PRODUCTS_DIR; };
		3FC55C0A240DC2B300542EC7 /* AppDelegate.swift */ = {isa = PBXFileReference; lastKnownFileType = sourcecode.swift; path = AppDelegate.swift; sourceTree = "<group>"; };
		3FC55C0C240DC2B300542EC7 /* SceneDelegate.swift */ = {isa = PBXFileReference; lastKnownFileType = sourcecode.swift; path = SceneDelegate.swift; sourceTree = "<group>"; };
		3FC55C0E240DC2B300542EC7 /* ViewController.swift */ = {isa = PBXFileReference; lastKnownFileType = sourcecode.swift; path = ViewController.swift; sourceTree = "<group>"; };
		3FC55C11240DC2B300542EC7 /* Base */ = {isa = PBXFileReference; lastKnownFileType = file.storyboard; name = Base; path = Base.lproj/Main.storyboard; sourceTree = "<group>"; };
		3FC55C13240DC2B500542EC7 /* Assets.xcassets */ = {isa = PBXFileReference; lastKnownFileType = folder.assetcatalog; path = Assets.xcassets; sourceTree = "<group>"; };
		3FC55C16240DC2B500542EC7 /* Base */ = {isa = PBXFileReference; lastKnownFileType = file.storyboard; name = Base; path = Base.lproj/LaunchScreen.storyboard; sourceTree = "<group>"; };
		3FC55C18240DC2B500542EC7 /* Info.plist */ = {isa = PBXFileReference; lastKnownFileType = text.plist.xml; path = Info.plist; sourceTree = "<group>"; };
/* End PBXFileReference section */

/* Begin PBXFrameworksBuildPhase section */
		3FC55C04240DC2B300542EC7 /* Frameworks */ = {
			isa = PBXFrameworksBuildPhase;
			buildActionMask = 2147483647;
			files = (
				3F6C3B80240F0F39005F150A /* SwiftCloudant in Frameworks */,
			);
			runOnlyForDeploymentPostprocessing = 0;
		};
/* End PBXFrameworksBuildPhase section */

/* Begin PBXGroup section */
		3FC55BFE240DC2B300542EC7 = {
			isa = PBXGroup;
			children = (
				3FC55C09240DC2B300542EC7 /* HelpingHand */,
				3FC55C08240DC2B300542EC7 /* Products */,
			);
			sourceTree = "<group>";
		};
		3FC55C08240DC2B300542EC7 /* Products */ = {
			isa = PBXGroup;
			children = (
				3FC55C07240DC2B300542EC7 /* HelpingHand.app */,
			);
			name = Products;
			sourceTree = "<group>";
		};
		3FC55C09240DC2B300542EC7 /* HelpingHand */ = {
			isa = PBXGroup;
			children = (
				3FC55C0A240DC2B300542EC7 /* AppDelegate.swift */,
				3FC55C0C240DC2B300542EC7 /* SceneDelegate.swift */,
				3FC55C0E240DC2B300542EC7 /* ViewController.swift */,
				3FC55C10240DC2B300542EC7 /* Main.storyboard */,
				3FC55C13240DC2B500542EC7 /* Assets.xcassets */,
				3FC55C15240DC2B500542EC7 /* LaunchScreen.storyboard */,
				3FC55C18240DC2B500542EC7 /* Info.plist */,
				3F6C3B7C240DD26D005F150A /* LoginViewController.swift */,
				3F6C3B81240F0F8E005F150A /* ConfigurationViewController.swift */,
				3F6C3B83240F1E75005F150A /* NewUserViewController.swift */,
				3F6C3B8524105BE2005F150A /* CloudantClient.swift */,
			);
			path = HelpingHand;
			sourceTree = "<group>";
		};
/* End PBXGroup section */

/* Begin PBXNativeTarget section */
		3FC55C06240DC2B300542EC7 /* HelpingHand */ = {
			isa = PBXNativeTarget;
			buildConfigurationList = 3FC55C1B240DC2B500542EC7 /* Build configuration list for PBXNativeTarget "HelpingHand" */;
			buildPhases = (
				3FC55C03240DC2B300542EC7 /* Sources */,
				3FC55C04240DC2B300542EC7 /* Frameworks */,
				3FC55C05240DC2B300542EC7 /* Resources */,
			);
			buildRules = (
			);
			dependencies = (
			);
			name = HelpingHand;
			packageProductDependencies = (
				3F6C3B7F240F0F39005F150A /* SwiftCloudant */,
			);
			productName = HelpingHand;
			productReference = 3FC55C07240DC2B300542EC7 /* HelpingHand.app */;
			productType = "com.apple.product-type.application";
		};
/* End PBXNativeTarget section */

/* Begin PBXProject section */
		3FC55BFF240DC2B300542EC7 /* Project object */ = {
			isa = PBXProject;
			attributes = {
				LastSwiftUpdateCheck = 1120;
				LastUpgradeCheck = 1120;
				ORGANIZATIONNAME = Student;
				TargetAttributes = {
					3FC55C06240DC2B300542EC7 = {
						CreatedOnToolsVersion = 11.2.1;
					};
				};
			};
			buildConfigurationList = 3FC55C02240DC2B300542EC7 /* Build configuration list for PBXProject "HelpingHand" */;
			compatibilityVersion = "Xcode 9.3";
			developmentRegion = en;
			hasScannedForEncodings = 0;
			knownRegions = (
				en,
				Base,
			);
			mainGroup = 3FC55BFE240DC2B300542EC7;
			packageReferences = (
				3F6C3B7E240F0F39005F150A /* XCRemoteSwiftPackageReference "swift-cloudant" */,
			);
			productRefGroup = 3FC55C08240DC2B300542EC7 /* Products */;
			projectDirPath = "";
			projectRoot = "";
			targets = (
				3FC55C06240DC2B300542EC7 /* HelpingHand */,
			);
		};
/* End PBXProject section */

/* Begin PBXResourcesBuildPhase section */
		3FC55C05240DC2B300542EC7 /* Resources */ = {
			isa = PBXResourcesBuildPhase;
			buildActionMask = 2147483647;
			files = (
				3FC55C17240DC2B500542EC7 /* LaunchScreen.storyboard in Resources */,
				3FC55C14240DC2B500542EC7 /* Assets.xcassets in Resources */,
				3FC55C12240DC2B300542EC7 /* Main.storyboard in Resources */,
			);
			runOnlyForDeploymentPostprocessing = 0;
		};
/* End PBXResourcesBuildPhase section */

/* Begin PBXSourcesBuildPhase section */
		3FC55C03240DC2B300542EC7 /* Sources */ = {
			isa = PBXSourcesBuildPhase;
			buildActionMask = 2147483647;
			files = (
				3F6C3B7D240DD26D005F150A /* LoginViewController.swift in Sources */,
				3FC55C0F240DC2B300542EC7 /* ViewController.swift in Sources */,
				3F6C3B8624105BE2005F150A /* CloudantClient.swift in Sources */,
				3FC55C0B240DC2B300542EC7 /* AppDelegate.swift in Sources */,
				3F6C3B82240F0F8E005F150A /* ConfigurationViewController.swift in Sources */,
				3F6C3B84240F1E75005F150A /* NewUserViewController.swift in Sources */,
				3FC55C0D240DC2B300542EC7 /* SceneDelegate.swift in Sources */,
			);
			runOnlyForDeploymentPostprocessing = 0;
		};
/* End PBXSourcesBuildPhase section */

/* Begin PBXVariantGroup section */
		3FC55C10240DC2B300542EC7 /* Main.storyboard */ = {
			isa = PBXVariantGroup;
			children = (
				3FC55C11240DC2B300542EC7 /* Base */,
			);
			name = Main.storyboard;
			sourceTree = "<group>";
		};
		3FC55C15240DC2B500542EC7 /* LaunchScreen.storyboard */ = {
			isa = PBXVariantGroup;
			children = (
				3FC55C16240DC2B500542EC7 /* Base */,
			);
			name = LaunchScreen.storyboard;
			sourceTree = "<group>";
		};
/* End PBXVariantGroup section */

/* Begin XCBuildConfiguration section */
		3FC55C19240DC2B500542EC7 /* Debug */ = {
			isa = XCBuildConfiguration;
			buildSettings = {
				ALWAYS_SEARCH_USER_PATHS = NO;
				CLANG_ANALYZER_NONNULL = YES;
				CLANG_ANALYZER_NUMBER_OBJECT_CONVERSION = YES_AGGRESSIVE;
				CLANG_CXX_LANGUAGE_STANDARD = "gnu++14";
				CLANG_CXX_LIBRARY = "libc++";
				CLANG_ENABLE_MODULES = YES;
				CLANG_ENABLE_OBJC_ARC = YES;
				CLANG_ENABLE_OBJC_WEAK = YES;
				CLANG_WARN_BLOCK_CAPTURE_AUTORELEASING = YES;
				CLANG_WARN_BOOL_CONVERSION = YES;
				CLANG_WARN_COMMA = YES;
				CLANG_WARN_CONSTANT_CONVERSION = YES;
				CLANG_WARN_DEPRECATED_OBJC_IMPLEMENTATIONS = YES;
				CLANG_WARN_DIRECT_OBJC_ISA_USAGE = YES_ERROR;
				CLANG_WARN_DOCUMENTATION_COMMENTS = YES;
				CLANG_WARN_EMPTY_BODY = YES;
				CLANG_WARN_ENUM_CONVERSION = YES;
				CLANG_WARN_INFINITE_RECURSION = YES;
				CLANG_WARN_INT_CONVERSION = YES;
				CLANG_WARN_NON_LITERAL_NULL_CONVERSION = YES;
				CLANG_WARN_OBJC_IMPLICIT_RETAIN_SELF = YES;
				CLANG_WARN_OBJC_LITERAL_CONVERSION = YES;
				CLANG_WARN_OBJC_ROOT_CLASS = YES_ERROR;
				CLANG_WARN_RANGE_LOOP_ANALYSIS = YES;
				CLANG_WARN_STRICT_PROTOTYPES = YES;
				CLANG_WARN_SUSPICIOUS_MOVE = YES;
				CLANG_WARN_UNGUARDED_AVAILABILITY = YES_AGGRESSIVE;
				CLANG_WARN_UNREACHABLE_CODE = YES;
				CLANG_WARN__DUPLICATE_METHOD_MATCH = YES;
				COPY_PHASE_STRIP = NO;
				DEBUG_INFORMATION_FORMAT = dwarf;
				ENABLE_STRICT_OBJC_MSGSEND = YES;
				ENABLE_TESTABILITY = YES;
				GCC_C_LANGUAGE_STANDARD = gnu11;
				GCC_DYNAMIC_NO_PIC = NO;
				GCC_NO_COMMON_BLOCKS = YES;
				GCC_OPTIMIZATION_LEVEL = 0;
				GCC_PREPROCESSOR_DEFINITIONS = (
					"DEBUG=1",
					"$(inherited)",
				);
				GCC_WARN_64_TO_32_BIT_CONVERSION = YES;
				GCC_WARN_ABOUT_RETURN_TYPE = YES_ERROR;
				GCC_WARN_UNDECLARED_SELECTOR = YES;
				GCC_WARN_UNINITIALIZED_AUTOS = YES_AGGRESSIVE;
				GCC_WARN_UNUSED_FUNCTION = YES;
				GCC_WARN_UNUSED_VARIABLE = YES;
				IPHONEOS_DEPLOYMENT_TARGET = 13.2;
				MTL_ENABLE_DEBUG_INFO = INCLUDE_SOURCE;
				MTL_FAST_MATH = YES;
				ONLY_ACTIVE_ARCH = YES;
				SDKROOT = iphoneos;
				SWIFT_ACTIVE_COMPILATION_CONDITIONS = DEBUG;
				SWIFT_OPTIMIZATION_LEVEL = "-Onone";
			};
			name = Debug;
		};
		3FC55C1A240DC2B500542EC7 /* Release */ = {
			isa = XCBuildConfiguration;
			buildSettings = {
				ALWAYS_SEARCH_USER_PATHS = NO;
				CLANG_ANALYZER_NONNULL = YES;
				CLANG_ANALYZER_NUMBER_OBJECT_CONVERSION = YES_AGGRESSIVE;
				CLANG_CXX_LANGUAGE_STANDARD = "gnu++14";
				CLANG_CXX_LIBRARY = "libc++";
				CLANG_ENABLE_MODULES = YES;
				CLANG_ENABLE_OBJC_ARC = YES;
				CLANG_ENABLE_OBJC_WEAK = YES;
				CLANG_WARN_BLOCK_CAPTURE_AUTORELEASING = YES;
				CLANG_WARN_BOOL_CONVERSION = YES;
				CLANG_WARN_COMMA = YES;
				CLANG_WARN_CONSTANT_CONVERSION = YES;
				CLANG_WARN_DEPRECATED_OBJC_IMPLEMENTATIONS = YES;
				CLANG_WARN_DIRECT_OBJC_ISA_USAGE = YES_ERROR;
				CLANG_WARN_DOCUMENTATION_COMMENTS = YES;
				CLANG_WARN_EMPTY_BODY = YES;
				CLANG_WARN_ENUM_CONVERSION = YES;
				CLANG_WARN_INFINITE_RECURSION = YES;
				CLANG_WARN_INT_CONVERSION = YES;
				CLANG_WARN_NON_LITERAL_NULL_CONVERSION = YES;
				CLANG_WARN_OBJC_IMPLICIT_RETAIN_SELF = YES;
				CLANG_WARN_OBJC_LITERAL_CONVERSION = YES;
				CLANG_WARN_OBJC_ROOT_CLASS = YES_ERROR;
				CLANG_WARN_RANGE_LOOP_ANALYSIS = YES;
				CLANG_WARN_STRICT_PROTOTYPES = YES;
				CLANG_WARN_SUSPICIOUS_MOVE = YES;
				CLANG_WARN_UNGUARDED_AVAILABILITY = YES_AGGRESSIVE;
				CLANG_WARN_UNREACHABLE_CODE = YES;
				CLANG_WARN__DUPLICATE_METHOD_MATCH = YES;
				COPY_PHASE_STRIP = NO;
				DEBUG_INFORMATION_FORMAT = "dwarf-with-dsym";
				ENABLE_NS_ASSERTIONS = NO;
				ENABLE_STRICT_OBJC_MSGSEND = YES;
				GCC_C_LANGUAGE_STANDARD = gnu11;
				GCC_NO_COMMON_BLOCKS = YES;
				GCC_WARN_64_TO_32_BIT_CONVERSION = YES;
				GCC_WARN_ABOUT_RETURN_TYPE = YES_ERROR;
				GCC_WARN_UNDECLARED_SELECTOR = YES;
				GCC_WARN_UNINITIALIZED_AUTOS = YES_AGGRESSIVE;
				GCC_WARN_UNUSED_FUNCTION = YES;
				GCC_WARN_UNUSED_VARIABLE = YES;
				IPHONEOS_DEPLOYMENT_TARGET = 13.2;
				MTL_ENABLE_DEBUG_INFO = NO;
				MTL_FAST_MATH = YES;
				SDKROOT = iphoneos;
				SWIFT_COMPILATION_MODE = wholemodule;
				SWIFT_OPTIMIZATION_LEVEL = "-O";
				VALIDATE_PRODUCT = YES;
			};
			name = Release;
		};
		3FC55C1C240DC2B500542EC7 /* Debug */ = {
			isa = XCBuildConfiguration;
			buildSettings = {
				ASSETCATALOG_COMPILER_APPICON_NAME = AppIcon;
				CODE_SIGN_STYLE = Automatic;
				DEVELOPMENT_TEAM = 4K848V49ZM;
				INFOPLIST_FILE = HelpingHand/Info.plist;
				LD_RUNPATH_SEARCH_PATHS = (
					"$(inherited)",
					"@executable_path/Frameworks",
				);
				PRODUCT_BUNDLE_IDENTIFIER = teste.HelpingHand;
				PRODUCT_NAME = "$(TARGET_NAME)";
				SWIFT_VERSION = 5.0;
				TARGETED_DEVICE_FAMILY = "1,2";
			};
			name = Debug;
		};
		3FC55C1D240DC2B500542EC7 /* Release */ = {
			isa = XCBuildConfiguration;
			buildSettings = {
				ASSETCATALOG_COMPILER_APPICON_NAME = AppIcon;
				CODE_SIGN_STYLE = Automatic;
				DEVELOPMENT_TEAM = 4K848V49ZM;
				INFOPLIST_FILE = HelpingHand/Info.plist;
				LD_RUNPATH_SEARCH_PATHS = (
					"$(inherited)",
					"@executable_path/Frameworks",
				);
				PRODUCT_BUNDLE_IDENTIFIER = teste.HelpingHand;
				PRODUCT_NAME = "$(TARGET_NAME)";
				SWIFT_VERSION = 5.0;
				TARGETED_DEVICE_FAMILY = "1,2";
			};
			name = Release;
		};
/* End XCBuildConfiguration section */

/* Begin XCConfigurationList section */
		3FC55C02240DC2B300542EC7 /* Build configuration list for PBXProject "HelpingHand" */ = {
			isa = XCConfigurationList;
			buildConfigurations = (
				3FC55C19240DC2B500542EC7 /* Debug */,
				3FC55C1A240DC2B500542EC7 /* Release */,
			);
			defaultConfigurationIsVisible = 0;
			defaultConfigurationName = Release;
		};
		3FC55C1B240DC2B500542EC7 /* Build configuration list for PBXNativeTarget "HelpingHand" */ = {
			isa = XCConfigurationList;
			buildConfigurations = (
				3FC55C1C240DC2B500542EC7 /* Debug */,
				3FC55C1D240DC2B500542EC7 /* Release */,
			);
			defaultConfigurationIsVisible = 0;
			defaultConfigurationName = Release;
		};
/* End XCConfigurationList section */

/* Begin XCRemoteSwiftPackageReference section */
		3F6C3B7E240F0F39005F150A /* XCRemoteSwiftPackageReference "swift-cloudant" */ = {
			isa = XCRemoteSwiftPackageReference;
			repositoryURL = "https://github.com/cloudant/swift-cloudant.git";
			requirement = {
				kind = upToNextMajorVersion;
				minimumVersion = 0.9.0;
			};
		};
/* End XCRemoteSwiftPackageReference section */

/* Begin XCSwiftPackageProductDependency section */
		3F6C3B7F240F0F39005F150A /* SwiftCloudant */ = {
			isa = XCSwiftPackageProductDependency;
			package = 3F6C3B7E240F0F39005F150A /* XCRemoteSwiftPackageReference "swift-cloudant" */;
			productName = SwiftCloudant;
		};
/* End XCSwiftPackageProductDependency section */
	};
	rootObject = 3FC55BFF240DC2B300542EC7 /* Project object */;
}
